
Microsoft Visual Studio Solution File, Format Version 12.00
# Visual Studio Version 17
VisualStudioVersion = 17.0.31903.59
MinimumVisualStudioVersion = 10.0.40219.1
Project("{FAE04EC0-301F-11D3-BF4B-00C04F79EFBC}") = "RestrictPoint.Api.Identity", "apps\api-identity\RestrictPoint.Api.Identity.csproj", "{A1000000-0000-0000-0000-000000000001}"
EndProject
Project("{FAE04EC0-301F-11D3-BF4B-00C04F79EFBC}") = "RestrictPoint.Api.Licensing", "apps\api-licensing\RestrictPoint.Api.Licensing.csproj", "{A1000000-0000-0000-0000-000000000002}"
EndProject
Project("{FAE04EC0-301F-11D3-BF4B-00C04F79EFBC}") = "RestrictPoint.Api.Billing", "apps\api-billing\RestrictPoint.Api.Billing.csproj", "{A1000000-0000-0000-0000-000000000003}"
EndProject
Project("{FAE04EC0-301F-11D3-BF4B-00C04F79EFBC}") = "RestrictPoint.Api.Marketplace", "apps\api-marketplace\RestrictPoint.Api.Marketplace.csproj", "{A1000000-0000-0000-0000-000000000004}"
EndProject
Project("{FAE04EC0-301F-11D3-BF4B-00C04F79EFBC}") = "RestrictPoint.Api.Analytics", "apps\api-analytics\RestrictPoint.Api.Analytics.csproj", "{A1000000-0000-0000-0000-000000000005}"
EndProject
Project("{FAE04EC0-301F-11D3-BF4B-00C04F79EFBC}") = "RestrictPoint.Api.Notifications", "apps\api-notifications\RestrictPoint.Api.Notifications.csproj", "{A1000000-0000-0000-0000-000000000006}"
EndProject
Project("{2150E333-8FDC-42A3-9474-1A3956D46DE8}") = "packages", "packages", "{809F86A1-1C4C-B159-0CD4-DF9D33D876CE}"
EndProject
Project("{2150E333-8FDC-42A3-9474-1A3956D46DE8}") = "common", "common", "{694E71F8-1D48-A06E-2827-EB003E3A33F4}"
EndProject
Project("{FAE04EC0-301F-11D3-BF4B-00C04F79EFBC}") = "RestrictPoint.Common", "packages\common\RestrictPoint.Common.csproj", "{07308E54-4EB6-4397-BB59-E6C34CA8F2B2}"
EndProject
Project("{2150E333-8FDC-42A3-9474-1A3956D46DE8}") = "auth", "auth", "{2DBD07CF-89B1-1CFE-B52E-84A076F63914}"
EndProject
Project("{FAE04EC0-301F-11D3-BF4B-00C04F79EFBC}") = "RestrictPoint.Auth", "packages\auth\RestrictPoint.Auth.csproj", "{A30F7B58-D4D7-4F10-9DEA-270A86371319}"
EndProject
Project("{2150E333-8FDC-42A3-9474-1A3956D46DE8}") = "messaging", "messaging", "{2716D61E-8194-30ED-8FA8-E49AFE936A78}"
EndProject
Project("{FAE04EC0-301F-11D3-BF4B-00C04F79EFBC}") = "RestrictPoint.Messaging", "packages\messaging\RestrictPoint.Messaging.csproj", "{70F39F1D-68FB-4E7B-92D5-21523D8A3509}"
EndProject
Project("{2150E333-8FDC-42A3-9474-1A3956D46DE8}") = "database", "database", "{359A2B19-58F0-C442-303D-9711B83ABD86}"
EndProject
Project("{FAE04EC0-301F-11D3-BF4B-00C04F79EFBC}") = "RestrictPoint.Database", "packages\database\RestrictPoint.Database.csproj", "{E2AAC9CE-669F-4889-A91A-4309DFF9D069}"
EndProject
Project("{2150E333-8FDC-42A3-9474-1A3956D46DE8}") = "tests", "tests", "{0AB3BF05-4346-4AA6-1389-037BE0695223}"
EndProject
Project("{2150E333-8FDC-42A3-9474-1A3956D46DE8}") = "identity", "identity", "{391CE2F5-AE47-7A9A-F474-4847BE99435E}"
EndProject
Project("{FAE04EC0-301F-11D3-BF4B-00C04F79EFBC}") = "RestrictPoint.Api.Identity.Tests", "tests\identity\RestrictPoint.Api.Identity.Tests.csproj", "{19A006F8-3753-4EB6-B24F-2FA183B6D491}"
EndProject
Project("{2150E333-8FDC-42A3-9474-1A3956D46DE8}") = "apps", "apps", "{1787FE1D-075E-9E68-7218-25F1BD1BBEAB}"
EndProject
Project("{2150E333-8FDC-42A3-9474-1A3956D46DE8}") = "api-identity", "api-identity", "{472C3AA8-D7E3-C09A-FB59-BA7C5011369F}"
EndProject
Project("{2150E333-8FDC-42A3-9474-1A3956D46DE8}") = "licensing", "licensing", "{B7F85ADA-AB95-5956-696D-7B63788E73A8}"
EndProject
Project("{FAE04EC0-301F-11D3-BF4B-00C04F79EFBC}") = "RestrictPoint.Api.Licensing.Tests", "tests\licensing\RestrictPoint.Api.Licensing.Tests.csproj", "{554F7B1A-FCF8-4AFC-BC0F-B1A87A6FF44E}"
EndProject
Project("{2150E333-8FDC-42A3-9474-1A3956D46DE8}") = "api-licensing", "api-licensing", "{981EC016-80F9-C09A-FEEA-6F8F7D51B444}"
EndProject
Project("{2150E333-8FDC-42A3-9474-1A3956D46DE8}") = "billing", "billing", "{3AE726D9-9BD3-BEE8-46D1-20EC990AE058}"
EndProject
Project("{FAE04EC0-301F-11D3-BF4B-00C04F79EFBC}") = "RestrictPoint.Api.Billing.Tests", "tests\billing\RestrictPoint.Api.Billing.Tests.csproj", "{9E492D05-2471-408B-9376-95C66AC291DB}"
EndProject
Project("{2150E333-8FDC-42A3-9474-1A3956D46DE8}") = "api-billing", "api-billing", "{F2275077-E484-A0A8-5BAD-B55A6BBD97D5}"
EndProject
Global
	GlobalSection(SolutionConfigurationPlatforms) = preSolution
		Debug|Any CPU = Debug|Any CPU
		Debug|x64 = Debug|x64
		Debug|x86 = Debug|x86
		Release|Any CPU = Release|Any CPU
		Release|x64 = Release|x64
		Release|x86 = Release|x86
	EndGlobalSection
	GlobalSection(ProjectConfigurationPlatforms) = postSolution
		{A1000000-0000-0000-0000-000000000001}.Debug|Any CPU.ActiveCfg = Debug|Any CPU
		{A1000000-0000-0000-0000-000000000001}.Debug|Any CPU.Build.0 = Debug|Any CPU
		{A1000000-0000-0000-0000-000000000001}.Debug|x64.ActiveCfg = Debug|Any CPU
		{A1000000-0000-0000-0000-000000000001}.Debug|x64.Build.0 = Debug|Any CPU
		{A1000000-0000-0000-0000-000000000001}.Debug|x86.ActiveCfg = Debug|Any CPU
		{A1000000-0000-0000-0000-000000000001}.Debug|x86.Build.0 = Debug|Any CPU
		{A1000000-0000-0000-0000-000000000001}.Release|Any CPU.ActiveCfg = Release|Any CPU
		{A1000000-0000-0000-0000-000000000001}.Release|Any CPU.Build.0 = Release|Any CPU
		{A1000000-0000-0000-0000-000000000001}.Release|x64.ActiveCfg = Release|Any CPU
		{A1000000-0000-0000-0000-000000000001}.Release|x64.Build.0 = Release|Any CPU
		{A1000000-0000-0000-0000-000000000001}.Release|x86.ActiveCfg = Release|Any CPU
		{A1000000-0000-0000-0000-000000000001}.Release|x86.Build.0 = Release|Any CPU
		{A1000000-0000-0000-0000-000000000002}.Debug|Any CPU.ActiveCfg = Debug|Any CPU
		{A1000000-0000-0000-0000-000000000002}.Debug|Any CPU.Build.0 = Debug|Any CPU
		{A1000000-0000-0000-0000-000000000002}.Debug|x64.ActiveCfg = Debug|Any CPU
		{A1000000-0000-0000-0000-000000000002}.Debug|x64.Build.0 = Debug|Any CPU
		{A1000000-0000-0000-0000-000000000002}.Debug|x86.ActiveCfg = Debug|Any CPU
		{A1000000-0000-0000-0000-000000000002}.Debug|x86.Build.0 = Debug|Any CPU
		{A1000000-0000-0000-0000-000000000002}.Release|Any CPU.ActiveCfg = Release|Any CPU
		{A1000000-0000-0000-0000-000000000002}.Release|Any CPU.Build.0 = Release|Any CPU
		{A1000000-0000-0000-0000-000000000002}.Release|x64.ActiveCfg = Release|Any CPU
		{A1000000-0000-0000-0000-000000000002}.Release|x64.Build.0 = Release|Any CPU
		{A1000000-0000-0000-0000-000000000002}.Release|x86.ActiveCfg = Release|Any CPU
		{A1000000-0000-0000-0000-000000000002}.Release|x86.Build.0 = Release|Any CPU
		{A1000000-0000-0000-0000-000000000003}.Debug|Any CPU.ActiveCfg = Debug|Any CPU
		{A1000000-0000-0000-0000-000000000003}.Debug|Any CPU.Build.0 = Debug|Any CPU
		{A1000000-0000-0000-0000-000000000003}.Debug|x64.ActiveCfg = Debug|Any CPU
		{A1000000-0000-0000-0000-000000000003}.Debug|x64.Build.0 = Debug|Any CPU
		{A1000000-0000-0000-0000-000000000003}.Debug|x86.ActiveCfg = Debug|Any CPU
		{A1000000-0000-0000-0000-000000000003}.Debug|x86.Build.0 = Debug|Any CPU
		{A1000000-0000-0000-0000-000000000003}.Release|Any CPU.ActiveCfg = Release|Any CPU
		{A1000000-0000-0000-0000-000000000003}.Release|Any CPU.Build.0 = Release|Any CPU
		{A1000000-0000-0000-0000-000000000003}.Release|x64.ActiveCfg = Release|Any CPU
		{A1000000-0000-0000-0000-000000000003}.Release|x64.Build.0 = Release|Any CPU
		{A1000000-0000-0000-0000-000000000003}.Release|x86.ActiveCfg = Release|Any CPU
		{A1000000-0000-0000-0000-000000000003}.Release|x86.Build.0 = Release|Any CPU
		{A1000000-0000-0000-0000-000000000004}.Debug|Any CPU.ActiveCfg = Debug|Any CPU
		{A1000000-0000-0000-0000-000000000004}.Debug|Any CPU.Build.0 = Debug|Any CPU
		{A1000000-0000-0000-0000-000000000004}.Debug|x64.ActiveCfg = Debug|Any CPU
		{A1000000-0000-0000-0000-000000000004}.Debug|x64.Build.0 = Debug|Any CPU
		{A1000000-0000-0000-0000-000000000004}.Debug|x86.ActiveCfg = Debug|Any CPU
		{A1000000-0000-0000-0000-000000000004}.Debug|x86.Build.0 = Debug|Any CPU
		{A1000000-0000-0000-0000-000000000004}.Release|Any CPU.ActiveCfg = Release|Any CPU
		{A1000000-0000-0000-0000-000000000004}.Release|Any CPU.Build.0 = Release|Any CPU
		{A1000000-0000-0000-0000-000000000004}.Release|x64.ActiveCfg = Release|Any CPU
		{A1000000-0000-0000-0000-000000000004}.Release|x64.Build.0 = Release|Any CPU
		{A1000000-0000-0000-0000-000000000004}.Release|x86.ActiveCfg = Release|Any CPU
		{A1000000-0000-0000-0000-000000000004}.Release|x86.Build.0 = Release|Any CPU
		{A1000000-0000-0000-0000-000000000005}.Debug|Any CPU.ActiveCfg = Debug|Any CPU
		{A1000000-0000-0000-0000-000000000005}.Debug|Any CPU.Build.0 = Debug|Any CPU
		{A1000000-0000-0000-0000-000000000005}.Debug|x64.ActiveCfg = Debug|Any CPU
		{A1000000-0000-0000-0000-000000000005}.Debug|x64.Build.0 = Debug|Any CPU
		{A1000000-0000-0000-0000-000000000005}.Debug|x86.ActiveCfg = Debug|Any CPU
		{A1000000-0000-0000-0000-000000000005}.Debug|x86.Build.0 = Debug|Any CPU
		{A1000000-0000-0000-0000-000000000005}.Release|Any CPU.ActiveCfg = Release|Any CPU
		{A1000000-0000-0000-0000-000000000005}.Release|Any CPU.Build.0 = Release|Any CPU
		{A1000000-0000-0000-0000-000000000005}.Release|x64.ActiveCfg = Release|Any CPU
		{A1000000-0000-0000-0000-000000000005}.Release|x64.Build.0 = Release|Any CPU
		{A1000000-0000-0000-0000-000000000005}.Release|x86.ActiveCfg = Release|Any CPU
		{A1000000-0000-0000-0000-000000000005}.Release|x86.Build.0 = Release|Any CPU
		{A1000000-0000-0000-0000-000000000006}.Debug|Any CPU.ActiveCfg = Debug|Any CPU
		{A1000000-0000-0000-0000-000000000006}.Debug|Any CPU.Build.0 = Debug|Any CPU
		{A1000000-0000-0000-0000-000000000006}.Debug|x64.ActiveCfg = Debug|Any CPU
		{A1000000-0000-0000-0000-000000000006}.Debug|x64.Build.0 = Debug|Any CPU
		{A1000000-0000-0000-0000-000000000006}.Debug|x86.ActiveCfg = Debug|Any CPU
		{A1000000-0000-0000-0000-000000000006}.Debug|x86.Build.0 = Debug|Any CPU
		{A1000000-0000-0000-0000-000000000006}.Release|Any CPU.ActiveCfg = Release|Any CPU
		{A1000000-0000-0000-0000-000000000006}.Release|Any CPU.Build.0 = Release|Any CPU
		{A1000000-0000-0000-0000-000000000006}.Release|x64.ActiveCfg = Release|Any CPU
		{A1000000-0000-0000-0000-000000000006}.Release|x64.Build.0 = Release|Any CPU
		{A1000000-0000-0000-0000-000000000006}.Release|x86.ActiveCfg = Release|Any CPU
		{A1000000-0000-0000-0000-000000000006}.Release|x86.Build.0 = Release|Any CPU
		{07308E54-4EB6-4397-BB59-E6C34CA8F2B2}.Debug|Any CPU.ActiveCfg = Debug|Any CPU
		{07308E54-4EB6-4397-BB59-E6C34CA8F2B2}.Debug|Any CPU.Build.0 = Debug|Any CPU
		{07308E54-4EB6-4397-BB59-E6C34CA8F2B2}.Debug|x64.ActiveCfg = Debug|Any CPU
		{07308E54-4EB6-4397-BB59-E6C34CA8F2B2}.Debug|x64.Build.0 = Debug|Any CPU
		{07308E54-4EB6-4397-BB59-E6C34CA8F2B2}.Debug|x86.ActiveCfg = Debug|Any CPU
		{07308E54-4EB6-4397-BB59-E6C34CA8F2B2}.Debug|x86.Build.0 = Debug|Any CPU
		{07308E54-4EB6-4397-BB59-E6C34CA8F2B2}.Release|Any CPU.ActiveCfg = Release|Any CPU
		{07308E54-4EB6-4397-BB59-E6C34CA8F2B2}.Release|Any CPU.Build.0 = Release|Any CPU
		{07308E54-4EB6-4397-BB59-E6C34CA8F2B2}.Release|x64.ActiveCfg = Release|Any CPU
		{07308E54-4EB6-4397-BB59-E6C34CA8F2B2}.Release|x64.Build.0 = Release|Any CPU
		{07308E54-4EB6-4397-BB59-E6C34CA8F2B2}.Release|x86.ActiveCfg = Release|Any CPU
		{07308E54-4EB6-4397-BB59-E6C34CA8F2B2}.Release|x86.Build.0 = Release|Any CPU
		{A30F7B58-D4D7-4F10-9DEA-270A86371319}.Debug|Any CPU.ActiveCfg = Debug|Any CPU
		{A30F7B58-D4D7-4F10-9DEA-270A86371319}.Debug|Any CPU.Build.0 = Debug|Any CPU
		{A30F7B58-D4D7-4F10-9DEA-270A86371319}.Debug|x64.ActiveCfg = Debug|Any CPU
		{A30F7B58-D4D7-4F10-9DEA-270A86371319}.Debug|x64.Build.0 = Debug|Any CPU
		{A30F7B58-D4D7-4F10-9DEA-270A86371319}.Debug|x86.ActiveCfg = Debug|Any CPU
		{A30F7B58-D4D7-4F10-9DEA-270A86371319}.Debug|x86.Build.0 = Debug|Any CPU
		{A30F7B58-D4D7-4F10-9DEA-270A86371319}.Release|Any CPU.ActiveCfg = Release|Any CPU
		{A30F7B58-D4D7-4F10-9DEA-270A86371319}.Release|Any CPU.Build.0 = Release|Any CPU
		{A30F7B58-D4D7-4F10-9DEA-270A86371319}.Release|x64.ActiveCfg = Release|Any CPU
		{A30F7B58-D4D7-4F10-9DEA-270A86371319}.Release|x64.Build.0 = Release|Any CPU
		{A30F7B58-D4D7-4F10-9DEA-270A86371319}.Release|x86.ActiveCfg = Release|Any CPU
		{A30F7B58-D4D7-4F10-9DEA-270A86371319}.Release|x86.Build.0 = Release|Any CPU
		{70F39F1D-68FB-4E7B-92D5-21523D8A3509}.Debug|Any CPU.ActiveCfg = Debug|Any CPU
		{70F39F1D-68FB-4E7B-92D5-21523D8A3509}.Debug|Any CPU.Build.0 = Debug|Any CPU
		{70F39F1D-68FB-4E7B-92D5-21523D8A3509}.Debug|x64.ActiveCfg = Debug|Any CPU
		{70F39F1D-68FB-4E7B-92D5-21523D8A3509}.Debug|x64.Build.0 = Debug|Any CPU
		{70F39F1D-68FB-4E7B-92D5-21523D8A3509}.Debug|x86.ActiveCfg = Debug|Any CPU
		{70F39F1D-68FB-4E7B-92D5-21523D8A3509}.Debug|x86.Build.0 = Debug|Any CPU
		{70F39F1D-68FB-4E7B-92D5-21523D8A3509}.Release|Any CPU.ActiveCfg = Release|Any CPU
		{70F39F1D-68FB-4E7B-92D5-21523D8A3509}.Release|Any CPU.Build.0 = Release|Any CPU
		{70F39F1D-68FB-4E7B-92D5-21523D8A3509}.Release|x64.ActiveCfg = Release|Any CPU
		{70F39F1D-68FB-4E7B-92D5-21523D8A3509}.Release|x64.Build.0 = Release|Any CPU
		{70F39F1D-68FB-4E7B-92D5-21523D8A3509}.Release|x86.ActiveCfg = Release|Any CPU
		{70F39F1D-68FB-4E7B-92D5-21523D8A3509}.Release|x86.Build.0 = Release|Any CPU
		{E2AAC9CE-669F-4889-A91A-4309DFF9D069}.Debug|Any CPU.ActiveCfg = Debug|Any CPU
		{E2AAC9CE-669F-4889-A91A-4309DFF9D069}.Debug|Any CPU.Build.0 = Debug|Any CPU
		{E2AAC9CE-669F-4889-A91A-4309DFF9D069}.Debug|x64.ActiveCfg = Debug|Any CPU
		{E2AAC9CE-669F-4889-A91A-4309DFF9D069}.Debug|x64.Build.0 = Debug|Any CPU
		{E2AAC9CE-669F-4889-A91A-4309DFF9D069}.Debug|x86.ActiveCfg = Debug|Any CPU
		{E2AAC9CE-669F-4889-A91A-4309DFF9D069}.Debug|x86.Build.0 = Debug|Any CPU
		{E2AAC9CE-669F-4889-A91A-4309DFF9D069}.Release|Any CPU.ActiveCfg = Release|Any CPU
		{E2AAC9CE-669F-4889-A91A-4309DFF9D069}.Release|Any CPU.Build.0 = Release|Any CPU
		{E2AAC9CE-669F-4889-A91A-4309DFF9D069}.Release|x64.ActiveCfg = Release|Any CPU
		{E2AAC9CE-669F-4889-A91A-4309DFF9D069}.Release|x64.Build.0 = Release|Any CPU
		{E2AAC9CE-669F-4889-A91A-4309DFF9D069}.Release|x86.ActiveCfg = Release|Any CPU
		{E2AAC9CE-669F-4889-A91A-4309DFF9D069}.Release|x86.Build.0 = Release|Any CPU
		{19A006F8-3753-4EB6-B24F-2FA183B6D491}.Debug|Any CPU.ActiveCfg = Debug|Any CPU
		{19A006F8-3753-4EB6-B24F-2FA183B6D491}.Debug|Any CPU.Build.0 = Debug|Any CPU
		{19A006F8-3753-4EB6-B24F-2FA183B6D491}.Debug|x64.ActiveCfg = Debug|Any CPU
		{19A006F8-3753-4EB6-B24F-2FA183B6D491}.Debug|x64.Build.0 = Debug|Any CPU
		{19A006F8-3753-4EB6-B24F-2FA183B6D491}.Debug|x86.ActiveCfg = Debug|Any CPU
		{19A006F8-3753-4EB6-B24F-2FA183B6D491}.Debug|x86.Build.0 = Debug|Any CPU
		{19A006F8-3753-4EB6-B24F-2FA183B6D491}.Release|Any CPU.ActiveCfg = Release|Any CPU
		{19A006F8-3753-4EB6-B24F-2FA183B6D491}.Release|Any CPU.Build.0 = Release|Any CPU
		{19A006F8-3753-4EB6-B24F-2FA183B6D491}.Release|x64.ActiveCfg = Release|Any CPU
		{19A006F8-3753-4EB6-B24F-2FA183B6D491}.Release|x64.Build.0 = Release|Any CPU
		{19A006F8-3753-4EB6-B24F-2FA183B6D491}.Release|x86.ActiveCfg = Release|Any CPU
		{19A006F8-3753-4EB6-B24F-2FA183B6D491}.Release|x86.Build.0 = Release|Any CPU
		{554F7B1A-FCF8-4AFC-BC0F-B1A87A6FF44E}.Debug|Any CPU.ActiveCfg = Debug|Any CPU
		{554F7B1A-FCF8-4AFC-BC0F-B1A87A6FF44E}.Debug|Any CPU.Build.0 = Debug|Any CPU
		{554F7B1A-FCF8-4AFC-BC0F-B1A87A6FF44E}.Debug|x64.ActiveCfg = Debug|Any CPU
		{554F7B1A-FCF8-4AFC-BC0F-B1A87A6FF44E}.Debug|x64.Build.0 = Debug|Any CPU
		{554F7B1A-FCF8-4AFC-BC0F-B1A87A6FF44E}.Debug|x86.ActiveCfg = Debug|Any CPU
		{554F7B1A-FCF8-4AFC-BC0F-B1A87A6FF44E}.Debug|x86.Build.0 = Debug|Any CPU
		{554F7B1A-FCF8-4AFC-BC0F-B1A87A6FF44E}.Release|Any CPU.ActiveCfg = Release|Any CPU
		{554F7B1A-FCF8-4AFC-BC0F-B1A87A6FF44E}.Release|Any CPU.Build.0 = Release|Any CPU
		{554F7B1A-FCF8-4AFC-BC0F-B1A87A6FF44E}.Release|x64.ActiveCfg = Release|Any CPU
		{554F7B1A-FCF8-4AFC-BC0F-B1A87A6FF44E}.Release|x64.Build.0 = Release|Any CPU
		{554F7B1A-FCF8-4AFC-BC0F-B1A87A6FF44E}.Release|x86.ActiveCfg = Release|Any CPU
		{554F7B1A-FCF8-4AFC-BC0F-B1A87A6FF44E}.Release|x86.Build.0 = Release|Any CPU
		{9E492D05-2471-408B-9376-95C66AC291DB}.Debug|Any CPU.ActiveCfg = Debug|Any CPU
		{9E492D05-2471-408B-9376-95C66AC291DB}.Debug|Any CPU.Build.0 = Debug|Any CPU
		{9E492D05-2471-408B-9376-95C66AC291DB}.Debug|x64.ActiveCfg = Debug|Any CPU
		{9E492D05-2471-408B-9376-95C66AC291DB}.Debug|x64.Build.0 = Debug|Any CPU
		{9E492D05-2471-408B-9376-95C66AC291DB}.Debug|x86.ActiveCfg = Debug|Any CPU
		{9E492D05-2471-408B-9376-95C66AC291DB}.Debug|x86.Build.0 = Debug|Any CPU
		{9E492D05-2471-408B-9376-95C66AC291DB}.Release|Any CPU.ActiveCfg = Release|Any CPU
		{9E492D05-2471-408B-9376-95C66AC291DB}.Release|Any CPU.Build.0 = Release|Any CPU
		{9E492D05-2471-408B-9376-95C66AC291DB}.Release|x64.ActiveCfg = Release|Any CPU
		{9E492D05-2471-408B-9376-95C66AC291DB}.Release|x64.Build.0 = Release|Any CPU
		{9E492D05-2471-408B-9376-95C66AC291DB}.Release|x86.ActiveCfg = Release|Any CPU
		{9E492D05-2471-408B-9376-95C66AC291DB}.Release|x86.Build.0 = Release|Any CPU
	EndGlobalSection
	GlobalSection(SolutionProperties) = preSolution
		HideSolutionNode = FALSE
	EndGlobalSection
	GlobalSection(NestedProjects) = preSolution
		{694E71F8-1D48-A06E-2827-EB003E3A33F4} = {809F86A1-1C4C-B159-0CD4-DF9D33D876CE}
		{07308E54-4EB6-4397-BB59-E6C34CA8F2B2} = {694E71F8-1D48-A06E-2827-EB003E3A33F4}
		{2DBD07CF-89B1-1CFE-B52E-84A076F63914} = {809F86A1-1C4C-B159-0CD4-DF9D33D876CE}
		{A30F7B58-D4D7-4F10-9DEA-270A86371319} = {2DBD07CF-89B1-1CFE-B52E-84A076F63914}
		{2716D61E-8194-30ED-8FA8-E49AFE936A78} = {809F86A1-1C4C-B159-0CD4-DF9D33D876CE}
		{70F39F1D-68FB-4E7B-92D5-21523D8A3509} = {2716D61E-8194-30ED-8FA8-E49AFE936A78}
		{359A2B19-58F0-C442-303D-9711B83ABD86} = {809F86A1-1C4C-B159-0CD4-DF9D33D876CE}
		{E2AAC9CE-669F-4889-A91A-4309DFF9D069} = {359A2B19-58F0-C442-303D-9711B83ABD86}
		{391CE2F5-AE47-7A9A-F474-4847BE99435E} = {0AB3BF05-4346-4AA6-1389-037BE0695223}
		{19A006F8-3753-4EB6-B24F-2FA183B6D491} = {391CE2F5-AE47-7A9A-F474-4847BE99435E}
		{472C3AA8-D7E3-C09A-FB59-BA7C5011369F} = {1787FE1D-075E-9E68-7218-25F1BD1BBEAB}
		{B7F85ADA-AB95-5956-696D-7B63788E73A8} = {0AB3BF05-4346-4AA6-1389-037BE0695223}
		{554F7B1A-FCF8-4AFC-BC0F-B1A87A6FF44E} = {B7F85ADA-AB95-5956-696D-7B63788E73A8}
		{981EC016-80F9-C09A-FEEA-6F8F7D51B444} = {1787FE1D-075E-9E68-7218-25F1BD1BBEAB}
		{3AE726D9-9BD3-BEE8-46D1-20EC990AE058} = {0AB3BF05-4346-4AA6-1389-037BE0695223}
		{9E492D05-2471-408B-9376-95C66AC291DB} = {3AE726D9-9BD3-BEE8-46D1-20EC990AE058}
		{F2275077-E484-A0A8-5BAD-B55A6BBD97D5} = {1787FE1D-075E-9E68-7218-25F1BD1BBEAB}
	EndGlobalSection
EndGlobal
